<?xml version="1.0" encoding="utf-8"?>
<Project ToolsVersion="4.0" xmlns="http://schemas.microsoft.com/developer/msbuild/2003">
  <ItemGroup>
    <Filter Include="Pliki źródłowe">
      <UniqueIdentifier>{4FC737F1-C7A5-4376-A066-2A32D752A2FF}</UniqueIdentifier>
      <Extensions>cpp;c;cc;cxx;c++;cppm;ixx;def;odl;idl;hpj;bat;asm;asmx</Extensions>
    </Filter>
    <Filter Include="Pliki nagłówkowe">
      <UniqueIdentifier>{93995380-89BD-4b04-88EB-625FBE52EBFB}</UniqueIdentifier>
      <Extensions>h;hh;hpp;hxx;h++;hm;inl;inc;ipp;xsd</Extensions>
    </Filter>
    <Filter Include="Pliki zasobów">
      <UniqueIdentifier>{67DA6AB6-F800-4c08-8B7A-83BB121AAD01}</UniqueIdentifier>
      <Extensions>rc;ico;cur;bmp;dlg;rc2;rct;bin;rgs;gif;jpg;jpeg;jpe;resx;tiff;tif;png;wav;mfcribbon-ms</Extensions>
    </Filter>
    <Filter Include="Pliki źródłowe\cw1">
      <UniqueIdentifier>{3c252d1d-43c3-4e4f-8d57-0d397ab3e982}</UniqueIdentifier>
    </Filter>
    <Filter Include="Pliki źródłowe\cw2">
      <UniqueIdentifier>{12d80028-cd98-46b3-bf26-58dbf54e7ae9}</UniqueIdentifier>
    </Filter>
  </ItemGroup>
  <ItemGroup>
    <ClCompile Include="Zadanie1.cpp">
      <Filter>Pliki źródłowe\cw1</Filter>
    </ClCompile>
    <ClCompile Include="Zadanie2.cpp">
      <Filter>Pliki źródłowe\cw1</Filter>
    </ClCompile>
    <ClCompile Include="Zadanie3.cpp">
      <Filter>Pliki źródłowe\cw1</Filter>
    </ClCompile>
    <ClCompile Include="Zadanie4.cpp">
      <Filter>Pliki źródłowe\cw1</Filter>
    </ClCompile>
    <ClCompile Include="Zadanie5.cpp">
      <Filter>Pliki źródłowe\cw1</Filter>
    </ClCompile>
    <ClCompile Include="Zad1.cpp">
      <Filter>Pliki źródłowe\cw2</Filter>
    </ClCompile>
    <ClCompile Include="Zad2.cpp">
      <Filter>Pliki źródłowe\cw2</Filter>
    </ClCompile>
    <ClCompile Include="Zad3.cpp">
      <Filter>Pliki źródłowe\cw2</Filter>
    </ClCompile>
  </ItemGroup>
</Project>